// !$*UTF8*$!
{
	archiveVersion = 1;
	classes = {
	};
	objectVersion = 50;
	objects = {

/* Begin PBXBuildFile section */
		0F8BDB122600E2B8008A5D70 /* AppDelegate.swift in Sources */ = {isa = PBXBuildFile; fileRef = 0F8BDB112600E2B8008A5D70 /* AppDelegate.swift */; };
		0F8BDB142600E2B8008A5D70 /* SceneDelegate.swift in Sources */ = {isa = PBXBuildFile; fileRef = 0F8BDB132600E2B8008A5D70 /* SceneDelegate.swift */; };
		0F8BDB182600E2BB008A5D70 /* Assets.xcassets in Resources */ = {isa = PBXBuildFile; fileRef = 0F8BDB172600E2BB008A5D70 /* Assets.xcassets */; };
		0F8BDB1B2600E2BB008A5D70 /* Preview Assets.xcassets in Resources */ = {isa = PBXBuildFile; fileRef = 0F8BDB1A2600E2BB008A5D70 /* Preview Assets.xcassets */; };
		0F8BDB1E2600E2BB008A5D70 /* LaunchScreen.storyboard in Resources */ = {isa = PBXBuildFile; fileRef = 0F8BDB1C2600E2BB008A5D70 /* LaunchScreen.storyboard */; };
		0F8BDB292600EB14008A5D70 /* ContentView.swift in Sources */ = {isa = PBXBuildFile; fileRef = 0F8BDB282600EB14008A5D70 /* ContentView.swift */; };
		0F8BDB2B2600EB7C008A5D70 /* resorts.json in Resources */ = {isa = PBXBuildFile; fileRef = 0F8BDB2A2600EB7C008A5D70 /* resorts.json */; };
		0F8BDB2D2600EC03008A5D70 /* Resort.swift in Sources */ = {isa = PBXBuildFile; fileRef = 0F8BDB2C2600EC03008A5D70 /* Resort.swift */; };
		0F8BDB2F2600ED7F008A5D70 /* Bundle-Decodable.swift in Sources */ = {isa = PBXBuildFile; fileRef = 0F8BDB2E2600ED7F008A5D70 /* Bundle-Decodable.swift */; };
		0F8BDB332600F117008A5D70 /* WelcomeView.swift in Sources */ = {isa = PBXBuildFile; fileRef = 0F8BDB322600F117008A5D70 /* WelcomeView.swift */; };
		0F8BDB352600F1CF008A5D70 /* PhoneOnlyExtension.swift in Sources */ = {isa = PBXBuildFile; fileRef = 0F8BDB342600F1CF008A5D70 /* PhoneOnlyExtension.swift */; };
		0F8BDB372600F5F6008A5D70 /* ResortView.swift in Sources */ = {isa = PBXBuildFile; fileRef = 0F8BDB362600F5F6008A5D70 /* ResortView.swift */; };
		0F8BDB392600F833008A5D70 /* SkiDetailsView.swift in Sources */ = {isa = PBXBuildFile; fileRef = 0F8BDB382600F833008A5D70 /* SkiDetailsView.swift */; };
		0F8BDB3B2600F8FC008A5D70 /* ResortDetailsView.swift in Sources */ = {isa = PBXBuildFile; fileRef = 0F8BDB3A2600F8FC008A5D70 /* ResortDetailsView.swift */; };
		0F8BDB3D260100C1008A5D70 /* Facility.swift in Sources */ = {isa = PBXBuildFile; fileRef = 0F8BDB3C260100C1008A5D70 /* Facility.swift */; };
		0F8BDB3F260108FF008A5D70 /* Favorites.swift in Sources */ = {isa = PBXBuildFile; fileRef = 0F8BDB3E260108FF008A5D70 /* Favorites.swift */; };
/* End PBXBuildFile section */

/* Begin PBXFileReference section */
		0F8BDB0E2600E2B8008A5D70 /* SnowSeeker.app */ = {isa = PBXFileReference; explicitFileType = wrapper.application; includeInIndex = 0; path = SnowSeeker.app; sourceTree = BUILT_PRODUCTS_DIR; };
		0F8BDB112600E2B8008A5D70 /* AppDelegate.swift */ = {isa = PBXFileReference; lastKnownFileType = sourcecode.swift; path = AppDelegate.swift; sourceTree = "<group>"; };
		0F8BDB132600E2B8008A5D70 /* SceneDelegate.swift */ = {isa = PBXFileReference; lastKnownFileType = sourcecode.swift; path = SceneDelegate.swift; sourceTree = "<group>"; };
		0F8BDB152600E2B8008A5D70 /* OptionalAlertView.swift */ = {isa = PBXFileReference; lastKnownFileType = sourcecode.swift; path = OptionalAlertView.swift; sourceTree = "<group>"; };
		0F8BDB172600E2BB008A5D70 /* Assets.xcassets */ = {isa = PBXFileReference; lastKnownFileType = folder.assetcatalog; path = Assets.xcassets; sourceTree = "<group>"; };
		0F8BDB1A2600E2BB008A5D70 /* Preview Assets.xcassets */ = {isa = PBXFileReference; lastKnownFileType = folder.assetcatalog; path = "Preview Assets.xcassets"; sourceTree = "<group>"; };
		0F8BDB1D2600E2BB008A5D70 /* Base */ = {isa = PBXFileReference; lastKnownFileType = file.storyboard; name = Base; path = Base.lproj/LaunchScreen.storyboard; sourceTree = "<group>"; };
		0F8BDB1F2600E2BB008A5D70 /* Info.plist */ = {isa = PBXFileReference; lastKnownFileType = text.plist.xml; path = Info.plist; sourceTree = "<group>"; };
		0F8BDB262600E880008A5D70 /* TransparentGroupView.swift */ = {isa = PBXFileReference; lastKnownFileType = sourcecode.swift; path = TransparentGroupView.swift; sourceTree = "<group>"; };
		0F8BDB282600EB14008A5D70 /* ContentView.swift */ = {isa = PBXFileReference; lastKnownFileType = sourcecode.swift; path = ContentView.swift; sourceTree = "<group>"; };
		0F8BDB2A2600EB7C008A5D70 /* resorts.json */ = {isa = PBXFileReference; fileEncoding = 4; lastKnownFileType = text.json; path = resorts.json; sourceTree = "<group>"; };
		0F8BDB2C2600EC03008A5D70 /* Resort.swift */ = {isa = PBXFileReference; lastKnownFileType = sourcecode.swift; path = Resort.swift; sourceTree = "<group>"; };
		0F8BDB2E2600ED7F008A5D70 /* Bundle-Decodable.swift */ = {isa = PBXFileReference; lastKnownFileType = sourcecode.swift; path = "Bundle-Decodable.swift"; sourceTree = "<group>"; };
		0F8BDB322600F117008A5D70 /* WelcomeView.swift */ = {isa = PBXFileReference; lastKnownFileType = sourcecode.swift; path = WelcomeView.swift; sourceTree = "<group>"; };
		0F8BDB342600F1CF008A5D70 /* PhoneOnlyExtension.swift */ = {isa = PBXFileReference; lastKnownFileType = sourcecode.swift; path = PhoneOnlyExtension.swift; sourceTree = "<group>"; };
		0F8BDB362600F5F6008A5D70 /* ResortView.swift */ = {isa = PBXFileReference; lastKnownFileType = sourcecode.swift; path = ResortView.swift; sourceTree = "<group>"; };
		0F8BDB382600F833008A5D70 /* SkiDetailsView.swift */ = {isa = PBXFileReference; lastKnownFileType = sourcecode.swift; path = SkiDetailsView.swift; sourceTree = "<group>"; };
		0F8BDB3A2600F8FC008A5D70 /* ResortDetailsView.swift */ = {isa = PBXFileReference; lastKnownFileType = sourcecode.swift; path = ResortDetailsView.swift; sourceTree = "<group>"; };
		0F8BDB3C260100C1008A5D70 /* Facility.swift */ = {isa = PBXFileReference; lastKnownFileType = sourcecode.swift; path = Facility.swift; sourceTree = "<group>"; };
		0F8BDB3E260108FF008A5D70 /* Favorites.swift */ = {isa = PBXFileReference; lastKnownFileType = sourcecode.swift; path = Favorites.swift; sourceTree = "<group>"; };
/* End PBXFileReference section */

/* Begin PBXFrameworksBuildPhase section */
		0F8BDB0B2600E2B8008A5D70 /* Frameworks */ = {
			isa = PBXFrameworksBuildPhase;
			buildActionMask = 2147483647;
			files = (
			);
			runOnlyForDeploymentPostprocessing = 0;
		};
/* End PBXFrameworksBuildPhase section */

/* Begin PBXGroup section */
		0F8BDB052600E2B8008A5D70 = {
			isa = PBXGroup;
			children = (
				0F8BDB252600E6A2008A5D70 /* Techniques */,
				0F8BDB102600E2B8008A5D70 /* SnowSeeker */,
				0F8BDB0F2600E2B8008A5D70 /* Products */,
			);
			sourceTree = "<group>";
		};
		0F8BDB0F2600E2B8008A5D70 /* Products */ = {
			isa = PBXGroup;
			children = (
				0F8BDB0E2600E2B8008A5D70 /* SnowSeeker.app */,
			);
			name = Products;
			sourceTree = "<group>";
		};
		0F8BDB102600E2B8008A5D70 /* SnowSeeker */ = {
			isa = PBXGroup;
			children = (
				0F8BDB322600F117008A5D70 /* WelcomeView.swift */,
				0F8BDB282600EB14008A5D70 /* ContentView.swift */,
				0F8BDB382600F833008A5D70 /* SkiDetailsView.swift */,
				0F8BDB3A2600F8FC008A5D70 /* ResortDetailsView.swift */,
				0F8BDB3C260100C1008A5D70 /* Facility.swift */,
				0F8BDB362600F5F6008A5D70 /* ResortView.swift */,
				0F8BDB3E260108FF008A5D70 /* Favorites.swift */,
				0F8BDB342600F1CF008A5D70 /* PhoneOnlyExtension.swift */,
				0F8BDB112600E2B8008A5D70 /* AppDelegate.swift */,
				0F8BDB132600E2B8008A5D70 /* SceneDelegate.swift */,
				0F8BDB172600E2BB008A5D70 /* Assets.xcassets */,
				0F8BDB2A2600EB7C008A5D70 /* resorts.json */,
				0F8BDB2C2600EC03008A5D70 /* Resort.swift */,
				0F8BDB2E2600ED7F008A5D70 /* Bundle-Decodable.swift */,
				0F8BDB1C2600E2BB008A5D70 /* LaunchScreen.storyboard */,
				0F8BDB1F2600E2BB008A5D70 /* Info.plist */,
				0F8BDB192600E2BB008A5D70 /* Preview Content */,
			);
			path = SnowSeeker;
			sourceTree = "<group>";
		};
		0F8BDB192600E2BB008A5D70 /* Preview Content */ = {
			isa = PBXGroup;
			children = (
				0F8BDB1A2600E2BB008A5D70 /* Preview Assets.xcassets */,
			);
			path = "Preview Content";
			sourceTree = "<group>";
		};
		0F8BDB252600E6A2008A5D70 /* Techniques */ = {
			isa = PBXGroup;
			children = (
				0F8BDB152600E2B8008A5D70 /* OptionalAlertView.swift */,
				0F8BDB262600E880008A5D70 /* TransparentGroupView.swift */,
			);
			path = Techniques;
			sourceTree = "<group>";
		};
/* End PBXGroup section */

/* Begin PBXNativeTarget section */
		0F8BDB0D2600E2B8008A5D70 /* SnowSeeker */ = {
			isa = PBXNativeTarget;
			buildConfigurationList = 0F8BDB222600E2BB008A5D70 /* Build configuration list for PBXNativeTarget "SnowSeeker" */;
			buildPhases = (
				0F8BDB0A2600E2B8008A5D70 /* Sources */,
				0F8BDB0B2600E2B8008A5D70 /* Frameworks */,
				0F8BDB0C2600E2B8008A5D70 /* Resources */,
			);
			buildRules = (
			);
			dependencies = (
			);
			name = SnowSeeker;
			productName = SnowSeeker;
			productReference = 0F8BDB0E2600E2B8008A5D70 /* SnowSeeker.app */;
			productType = "com.apple.product-type.application";
		};
/* End PBXNativeTarget section */

/* Begin PBXProject section */
		0F8BDB062600E2B8008A5D70 /* Project object */ = {
			isa = PBXProject;
			attributes = {
				LastSwiftUpdateCheck = 1160;
				LastUpgradeCheck = 1160;
				ORGANIZATIONNAME = "Travis Brigman";
				TargetAttributes = {
					0F8BDB0D2600E2B8008A5D70 = {
						CreatedOnToolsVersion = 11.6;
					};
				};
			};
			buildConfigurationList = 0F8BDB092600E2B8008A5D70 /* Build configuration list for PBXProject "SnowSeeker" */;
			compatibilityVersion = "Xcode 9.3";
			developmentRegion = en;
			hasScannedForEncodings = 0;
			knownRegions = (
				en,
				Base,
			);
			mainGroup = 0F8BDB052600E2B8008A5D70;
			productRefGroup = 0F8BDB0F2600E2B8008A5D70 /* Products */;
			projectDirPath = "";
			projectRoot = "";
			targets = (
				0F8BDB0D2600E2B8008A5D70 /* SnowSeeker */,
			);
		};
/* End PBXProject section */

/* Begin PBXResourcesBuildPhase section */
		0F8BDB0C2600E2B8008A5D70 /* Resources */ = {
			isa = PBXResourcesBuildPhase;
			buildActionMask = 2147483647;
			files = (
				0F8BDB1E2600E2BB008A5D70 /* LaunchScreen.storyboard in Resources */,
				0F8BDB1B2600E2BB008A5D70 /* Preview Assets.xcassets in Resources */,
				0F8BDB2B2600EB7C008A5D70 /* resorts.json in Resources */,
				0F8BDB182600E2BB008A5D70 /* Assets.xcassets in Resources */,
			);
			runOnlyForDeploymentPostprocessing = 0;
		};
/* End PBXResourcesBuildPhase section */

/* Begin PBXSourcesBuildPhase section */
		0F8BDB0A2600E2B8008A5D70 /* Sources */ = {
			isa = PBXSourcesBuildPhase;
			buildActionMask = 2147483647;
			files = (
				0F8BDB3B2600F8FC008A5D70 /* ResortDetailsView.swift in Sources */,
				0F8BDB122600E2B8008A5D70 /* AppDelegate.swift in Sources */,
				0F8BDB3D260100C1008A5D70 /* Facility.swift in Sources */,
				0F8BDB332600F117008A5D70 /* WelcomeView.swift in Sources */,
				0F8BDB142600E2B8008A5D70 /* SceneDelegate.swift in Sources */,
				0F8BDB2F2600ED7F008A5D70 /* Bundle-Decodable.swift in Sources */,
				0F8BDB392600F833008A5D70 /* SkiDetailsView.swift in Sources */,
				0F8BDB352600F1CF008A5D70 /* PhoneOnlyExtension.swift in Sources */,
				0F8BDB372600F5F6008A5D70 /* ResortView.swift in Sources */,
				0F8BDB3F260108FF008A5D70 /* Favorites.swift in Sources */,
				0F8BDB2D2600EC03008A5D70 /* Resort.swift in Sources */,
				0F8BDB292600EB14008A5D70 /* ContentView.swift in Sources */,
			);
			runOnlyForDeploymentPostprocessing = 0;
		};
/* End PBXSourcesBuildPhase section */

/* Begin PBXVariantGroup section */
		0F8BDB1C2600E2BB008A5D70 /* LaunchScreen.storyboard */ = {
			isa = PBXVariantGroup;
			children = (
				0F8BDB1D2600E2BB008A5D70 /* Base */,
			);
			name = LaunchScreen.storyboard;
			sourceTree = "<group>";
		};
/* End PBXVariantGroup section */

/* Begin XCBuildConfiguration section */
		0F8BDB202600E2BB008A5D70 /* Debug */ = {
			isa = XCBuildConfiguration;
			buildSettings = {
				ALWAYS_SEARCH_USER_PATHS = NO;
				CLANG_ANALYZER_NONNULL = YES;
				CLANG_ANALYZER_NUMBER_OBJECT_CONVERSION = YES_AGGRESSIVE;
				CLANG_CXX_LANGUAGE_STANDARD = "gnu++14";
				CLANG_CXX_LIBRARY = "libc++";
				CLANG_ENABLE_MODULES = YES;
				CLANG_ENABLE_OBJC_ARC = YES;
				CLANG_ENABLE_OBJC_WEAK = YES;
				CLANG_WARN_BLOCK_CAPTURE_AUTORELEASING = YES;
				CLANG_WARN_BOOL_CONVERSION = YES;
				CLANG_WARN_COMMA = YES;
				CLANG_WARN_CONSTANT_CONVERSION = YES;
				CLANG_WARN_DEPRECATED_OBJC_IMPLEMENTATIONS = YES;
				CLANG_WARN_DIRECT_OBJC_ISA_USAGE = YES_ERROR;
				CLANG_WARN_DOCUMENTATION_COMMENTS = YES;
				CLANG_WARN_EMPTY_BODY = YES;
				CLANG_WARN_ENUM_CONVERSION = YES;
				CLANG_WARN_INFINITE_RECURSION = YES;
				CLANG_WARN_INT_CONVERSION = YES;
				CLANG_WARN_NON_LITERAL_NULL_CONVERSION = YES;
				CLANG_WARN_OBJC_IMPLICIT_RETAIN_SELF = YES;
				CLANG_WARN_OBJC_LITERAL_CONVERSION = YES;
				CLANG_WARN_OBJC_ROOT_CLASS = YES_ERROR;
				CLANG_WARN_RANGE_LOOP_ANALYSIS = YES;
				CLANG_WARN_STRICT_PROTOTYPES = YES;
				CLANG_WARN_SUSPICIOUS_MOVE = YES;
				CLANG_WARN_UNGUARDED_AVAILABILITY = YES_AGGRESSIVE;
				CLANG_WARN_UNREACHABLE_CODE = YES;
				CLANG_WARN__DUPLICATE_METHOD_MATCH = YES;
				COPY_PHASE_STRIP = NO;
				DEBUG_INFORMATION_FORMAT = dwarf;
				ENABLE_STRICT_OBJC_MSGSEND = YES;
				ENABLE_TESTABILITY = YES;
				GCC_C_LANGUAGE_STANDARD = gnu11;
				GCC_DYNAMIC_NO_PIC = NO;
				GCC_NO_COMMON_BLOCKS = YES;
				GCC_OPTIMIZATION_LEVEL = 0;
				GCC_PREPROCESSOR_DEFINITIONS = (
					"DEBUG=1",
					"$(inherited)",
				);
				GCC_WARN_64_TO_32_BIT_CONVERSION = YES;
				GCC_WARN_ABOUT_RETURN_TYPE = YES_ERROR;
				GCC_WARN_UNDECLARED_SELECTOR = YES;
				GCC_WARN_UNINITIALIZED_AUTOS = YES_AGGRESSIVE;
				GCC_WARN_UNUSED_FUNCTION = YES;
				GCC_WARN_UNUSED_VARIABLE = YES;
				IPHONEOS_DEPLOYMENT_TARGET = 13.6;
				MTL_ENABLE_DEBUG_INFO = INCLUDE_SOURCE;
				MTL_FAST_MATH = YES;
				ONLY_ACTIVE_ARCH = YES;
				SDKROOT = iphoneos;
				SWIFT_ACTIVE_COMPILATION_CONDITIONS = DEBUG;
				SWIFT_OPTIMIZATION_LEVEL = "-Onone";
			};
			name = Debug;
		};
		0F8BDB212600E2BB008A5D70 /* Release */ = {
			isa = XCBuildConfiguration;
			buildSettings = {
				ALWAYS_SEARCH_USER_PATHS = NO;
				CLANG_ANALYZER_NONNULL = YES;
				CLANG_ANALYZER_NUMBER_OBJECT_CONVERSION = YES_AGGRESSIVE;
				CLANG_CXX_LANGUAGE_STANDARD = "gnu++14";
				CLANG_CXX_LIBRARY = "libc++";
				CLANG_ENABLE_MODULES = YES;
				CLANG_ENABLE_OBJC_ARC = YES;
				CLANG_ENABLE_OBJC_WEAK = YES;
				CLANG_WARN_BLOCK_CAPTURE_AUTORELEASING = YES;
				CLANG_WARN_BOOL_CONVERSION = YES;
				CLANG_WARN_COMMA = YES;
				CLANG_WARN_CONSTANT_CONVERSION = YES;
				CLANG_WARN_DEPRECATED_OBJC_IMPLEMENTATIONS = YES;
				CLANG_WARN_DIRECT_OBJC_ISA_USAGE = YES_ERROR;
				CLANG_WARN_DOCUMENTATION_COMMENTS = YES;
				CLANG_WARN_EMPTY_BODY = YES;
				CLANG_WARN_ENUM_CONVERSION = YES;
				CLANG_WARN_INFINITE_RECURSION = YES;
				CLANG_WARN_INT_CONVERSION = YES;
				CLANG_WARN_NON_LITERAL_NULL_CONVERSION = YES;
				CLANG_WARN_OBJC_IMPLICIT_RETAIN_SELF = YES;
				CLANG_WARN_OBJC_LITERAL_CONVERSION = YES;
				CLANG_WARN_OBJC_ROOT_CLASS = YES_ERROR;
				CLANG_WARN_RANGE_LOOP_ANALYSIS = YES;
				CLANG_WARN_STRICT_PROTOTYPES = YES;
				CLANG_WARN_SUSPICIOUS_MOVE = YES;
				CLANG_WARN_UNGUARDED_AVAILABILITY = YES_AGGRESSIVE;
				CLANG_WARN_UNREACHABLE_CODE = YES;
				CLANG_WARN__DUPLICATE_METHOD_MATCH = YES;
				COPY_PHASE_STRIP = NO;
				DEBUG_INFORMATION_FORMAT = "dwarf-with-dsym";
				ENABLE_NS_ASSERTIONS = NO;
				ENABLE_STRICT_OBJC_MSGSEND = YES;
				GCC_C_LANGUAGE_STANDARD = gnu11;
				GCC_NO_COMMON_BLOCKS = YES;
				GCC_WARN_64_TO_32_BIT_CONVERSION = YES;
				GCC_WARN_ABOUT_RETURN_TYPE = YES_ERROR;
				GCC_WARN_UNDECLARED_SELECTOR = YES;
				GCC_WARN_UNINITIALIZED_AUTOS = YES_AGGRESSIVE;
				GCC_WARN_UNUSED_FUNCTION = YES;
				GCC_WARN_UNUSED_VARIABLE = YES;
				IPHONEOS_DEPLOYMENT_TARGET = 13.6;
				MTL_ENABLE_DEBUG_INFO = NO;
				MTL_FAST_MATH = YES;
				SDKROOT = iphoneos;
				SWIFT_COMPILATION_MODE = wholemodule;
				SWIFT_OPTIMIZATION_LEVEL = "-O";
				VALIDATE_PRODUCT = YES;
			};
			name = Release;
		};
		0F8BDB232600E2BB008A5D70 /* Debug */ = {
			isa = XCBuildConfiguration;
			buildSettings = {
				ASSETCATALOG_COMPILER_APPICON_NAME = AppIcon;
				CODE_SIGN_STYLE = Automatic;
				DEVELOPMENT_ASSET_PATHS = "\"SnowSeeker/Preview Content\"";
				DEVELOPMENT_TEAM = 73X37M5BQV;
				ENABLE_PREVIEWS = YES;
				INFOPLIST_FILE = SnowSeeker/Info.plist;
				LD_RUNPATH_SEARCH_PATHS = (
					"$(inherited)",
					"@executable_path/Frameworks",
				);
				PRODUCT_BUNDLE_IDENTIFIER = dev.travisbrigman.SnowSeeker;
				PRODUCT_NAME = "$(TARGET_NAME)";
				SWIFT_VERSION = 5.0;
				TARGETED_DEVICE_FAMILY = "1,2";
			};
			name = Debug;
		};
		0F8BDB242600E2BB008A5D70 /* Release */ = {
			isa = XCBuildConfiguration;
			buildSettings = {
				ASSETCATALOG_COMPILER_APPICON_NAME = AppIcon;
				CODE_SIGN_STYLE = Automatic;
				DEVELOPMENT_ASSET_PATHS = "\"SnowSeeker/Preview Content\"";
				DEVELOPMENT_TEAM = 73X37M5BQV;
				ENABLE_PREVIEWS = YES;
				INFOPLIST_FILE = SnowSeeker/Info.plist;
				LD_RUNPATH_SEARCH_PATHS = (
					"$(inherited)",
					"@executable_path/Frameworks",
				);
				PRODUCT_BUNDLE_IDENTIFIER = dev.travisbrigman.SnowSeeker;
				PRODUCT_NAME = "$(TARGET_NAME)";
				SWIFT_VERSION = 5.0;
				TARGETED_DEVICE_FAMILY = "1,2";
			};
			name = Release;
		};
/* End XCBuildConfiguration section */

/* Begin XCConfigurationList section */
		0F8BDB092600E2B8008A5D70 /* Build configuration list for PBXProject "SnowSeeker" */ = {
			isa = XCConfigurationList;
			buildConfigurations = (
				0F8BDB202600E2BB008A5D70 /* Debug */,
				0F8BDB212600E2BB008A5D70 /* Release */,
			);
			defaultConfigurationIsVisible = 0;
			defaultConfigurationName = Release;
		};
		0F8BDB222600E2BB008A5D70 /* Build configuration list for PBXNativeTarget "SnowSeeker" */ = {
			isa = XCConfigurationList;
			buildConfigurations = (
				0F8BDB232600E2BB008A5D70 /* Debug */,
				0F8BDB242600E2BB008A5D70 /* Release */,
			);
			defaultConfigurationIsVisible = 0;
			defaultConfigurationName = Release;
		};
/* End XCConfigurationList section */
	};
	rootObject = 0F8BDB062600E2B8008A5D70 /* Project object */;
}
